// !$*UTF8*$!
{
	archiveVersion = 1;
	classes = {
	};
	objectVersion = 46;
	objects = {

/* Begin PBXBuildFile section */
		C574488319BBC85300BBCC3B /* Foundation.framework in Frameworks */ = {isa = PBXBuildFile; fileRef = C574488219BBC85300BBCC3B /* Foundation.framework */; };
		C574488519BBC85300BBCC3B /* CoreGraphics.framework in Frameworks */ = {isa = PBXBuildFile; fileRef = C574488419BBC85300BBCC3B /* CoreGraphics.framework */; };
		C574488719BBC85300BBCC3B /* UIKit.framework in Frameworks */ = {isa = PBXBuildFile; fileRef = C574488619BBC85300BBCC3B /* UIKit.framework */; };
		C574488D19BBC85300BBCC3B /* InfoPlist.strings in Resources */ = {isa = PBXBuildFile; fileRef = C574488B19BBC85300BBCC3B /* InfoPlist.strings */; };
		C574488F19BBC85300BBCC3B /* main.m in Sources */ = {isa = PBXBuildFile; fileRef = C574488E19BBC85300BBCC3B /* main.m */; };
		C574489319BBC85300BBCC3B /* AppDelegate.m in Sources */ = {isa = PBXBuildFile; fileRef = C574489219BBC85300BBCC3B /* AppDelegate.m */; };
		C574489619BBC85300BBCC3B /* Main.storyboard in Resources */ = {isa = PBXBuildFile; fileRef = C574489419BBC85300BBCC3B /* Main.storyboard */; };
		C574489B19BBC85300BBCC3B /* Images.xcassets in Resources */ = {isa = PBXBuildFile; fileRef = C574489A19BBC85300BBCC3B /* Images.xcassets */; };
		C57448A219BBC85300BBCC3B /* XCTest.framework in Frameworks */ = {isa = PBXBuildFile; fileRef = C57448A119BBC85300BBCC3B /* XCTest.framework */; };
		C57448A319BBC85300BBCC3B /* Foundation.framework in Frameworks */ = {isa = PBXBuildFile; fileRef = C574488219BBC85300BBCC3B /* Foundation.framework */; };
		C57448A419BBC85300BBCC3B /* UIKit.framework in Frameworks */ = {isa = PBXBuildFile; fileRef = C574488619BBC85300BBCC3B /* UIKit.framework */; };
		C57448AC19BBC85300BBCC3B /* InfoPlist.strings in Resources */ = {isa = PBXBuildFile; fileRef = C57448AA19BBC85300BBCC3B /* InfoPlist.strings */; };
		C57448AE19BBC85300BBCC3B /* snapfashionTests.m in Sources */ = {isa = PBXBuildFile; fileRef = C57448AD19BBC85300BBCC3B /* snapfashionTests.m */; };
		C58B5A5819BBE664008999AC /* MobileCoreServices.framework in Frameworks */ = {isa = PBXBuildFile; fileRef = C58B5A5719BBE664008999AC /* MobileCoreServices.framework */; };
		C58B5A5E19BC0E46008999AC /* InstagramHandler.m in Sources */ = {isa = PBXBuildFile; fileRef = C58B5A5D19BC0E46008999AC /* InstagramHandler.m */; };
		C58B5A6719BC5458008999AC /* StyleTableController.m in Sources */ = {isa = PBXBuildFile; fileRef = C58B5A6619BC5458008999AC /* StyleTableController.m */; };
		C58B5A6A19BD1490008999AC /* ImagePickerController.m in Sources */ = {isa = PBXBuildFile; fileRef = C58B5A6919BD1490008999AC /* ImagePickerController.m */; };
/* End PBXBuildFile section */

/* Begin PBXContainerItemProxy section */
		C57448A519BBC85300BBCC3B /* PBXContainerItemProxy */ = {
			isa = PBXContainerItemProxy;
			containerPortal = C574487719BBC85300BBCC3B /* Project object */;
			proxyType = 1;
			remoteGlobalIDString = C574487E19BBC85300BBCC3B;
			remoteInfo = snapfashion;
		};
/* End PBXContainerItemProxy section */

/* Begin PBXFileReference section */
		C574487F19BBC85300BBCC3B /* snapfashion.app */ = {isa = PBXFileReference; explicitFileType = wrapper.application; includeInIndex = 0; path = snapfashion.app; sourceTree = BUILT_PRODUCTS_DIR; };
		C574488219BBC85300BBCC3B /* Foundation.framework */ = {isa = PBXFileReference; lastKnownFileType = wrapper.framework; name = Foundation.framework; path = System/Library/Frameworks/Foundation.framework; sourceTree = SDKROOT; };
		C574488419BBC85300BBCC3B /* CoreGraphics.framework */ = {isa = PBXFileReference; lastKnownFileType = wrapper.framework; name = CoreGraphics.framework; path = System/Library/Frameworks/CoreGraphics.framework; sourceTree = SDKROOT; };
		C574488619BBC85300BBCC3B /* UIKit.framework */ = {isa = PBXFileReference; lastKnownFileType = wrapper.framework; name = UIKit.framework; path = System/Library/Frameworks/UIKit.framework; sourceTree = SDKROOT; };
		C574488A19BBC85300BBCC3B /* snapfashion-Info.plist */ = {isa = PBXFileReference; lastKnownFileType = text.plist.xml; path = "snapfashion-Info.plist"; sourceTree = "<group>"; };
		C574488C19BBC85300BBCC3B /* en */ = {isa = PBXFileReference; lastKnownFileType = text.plist.strings; name = en; path = en.lproj/InfoPlist.strings; sourceTree = "<group>"; };
		C574488E19BBC85300BBCC3B /* main.m */ = {isa = PBXFileReference; lastKnownFileType = sourcecode.c.objc; path = main.m; sourceTree = "<group>"; };
		C574489019BBC85300BBCC3B /* snapfashion-Prefix.pch */ = {isa = PBXFileReference; lastKnownFileType = sourcecode.c.h; path = "snapfashion-Prefix.pch"; sourceTree = "<group>"; };
		C574489119BBC85300BBCC3B /* AppDelegate.h */ = {isa = PBXFileReference; lastKnownFileType = sourcecode.c.h; path = AppDelegate.h; sourceTree = "<group>"; };
		C574489219BBC85300BBCC3B /* AppDelegate.m */ = {isa = PBXFileReference; lastKnownFileType = sourcecode.c.objc; path = AppDelegate.m; sourceTree = "<group>"; };
		C574489519BBC85300BBCC3B /* Base */ = {isa = PBXFileReference; lastKnownFileType = file.storyboard; name = Base; path = Base.lproj/Main.storyboard; sourceTree = "<group>"; };
		C574489A19BBC85300BBCC3B /* Images.xcassets */ = {isa = PBXFileReference; lastKnownFileType = folder.assetcatalog; path = Images.xcassets; sourceTree = "<group>"; };
		C57448A019BBC85300BBCC3B /* snapfashionTests.xctest */ = {isa = PBXFileReference; explicitFileType = wrapper.cfbundle; includeInIndex = 0; path = snapfashionTests.xctest; sourceTree = BUILT_PRODUCTS_DIR; };
		C57448A119BBC85300BBCC3B /* XCTest.framework */ = {isa = PBXFileReference; lastKnownFileType = wrapper.framework; name = XCTest.framework; path = Library/Frameworks/XCTest.framework; sourceTree = DEVELOPER_DIR; };
		C57448A919BBC85300BBCC3B /* snapfashionTests-Info.plist */ = {isa = PBXFileReference; lastKnownFileType = text.plist.xml; path = "snapfashionTests-Info.plist"; sourceTree = "<group>"; };
		C57448AB19BBC85300BBCC3B /* en */ = {isa = PBXFileReference; lastKnownFileType = text.plist.strings; name = en; path = en.lproj/InfoPlist.strings; sourceTree = "<group>"; };
		C57448AD19BBC85300BBCC3B /* snapfashionTests.m */ = {isa = PBXFileReference; lastKnownFileType = sourcecode.c.objc; path = snapfashionTests.m; sourceTree = "<group>"; };
		C58B5A5719BBE664008999AC /* MobileCoreServices.framework */ = {isa = PBXFileReference; lastKnownFileType = wrapper.framework; name = MobileCoreServices.framework; path = System/Library/Frameworks/MobileCoreServices.framework; sourceTree = SDKROOT; };
		C58B5A5C19BC0E46008999AC /* InstagramHandler.h */ = {isa = PBXFileReference; fileEncoding = 4; lastKnownFileType = sourcecode.c.h; path = InstagramHandler.h; sourceTree = "<group>"; };
		C58B5A5D19BC0E46008999AC /* InstagramHandler.m */ = {isa = PBXFileReference; fileEncoding = 4; lastKnownFileType = sourcecode.c.objc; path = InstagramHandler.m; sourceTree = "<group>"; };
		C58B5A6519BC5458008999AC /* StyleTableController.h */ = {isa = PBXFileReference; fileEncoding = 4; lastKnownFileType = sourcecode.c.h; path = StyleTableController.h; sourceTree = "<group>"; };
		C58B5A6619BC5458008999AC /* StyleTableController.m */ = {isa = PBXFileReference; fileEncoding = 4; lastKnownFileType = sourcecode.c.objc; path = StyleTableController.m; sourceTree = "<group>"; };
		C58B5A6819BD1490008999AC /* ImagePickerController.h */ = {isa = PBXFileReference; fileEncoding = 4; lastKnownFileType = sourcecode.c.h; path = ImagePickerController.h; sourceTree = "<group>"; };
		C58B5A6919BD1490008999AC /* ImagePickerController.m */ = {isa = PBXFileReference; fileEncoding = 4; lastKnownFileType = sourcecode.c.objc; path = ImagePickerController.m; sourceTree = "<group>"; };
/* End PBXFileReference section */

/* Begin PBXFrameworksBuildPhase section */
		C574487C19BBC85300BBCC3B /* Frameworks */ = {
			isa = PBXFrameworksBuildPhase;
			buildActionMask = 2147483647;
			files = (
				C58B5A5819BBE664008999AC /* MobileCoreServices.framework in Frameworks */,
				C574488519BBC85300BBCC3B /* CoreGraphics.framework in Frameworks */,
				C574488719BBC85300BBCC3B /* UIKit.framework in Frameworks */,
				C574488319BBC85300BBCC3B /* Foundation.framework in Frameworks */,
			);
			runOnlyForDeploymentPostprocessing = 0;
		};
		C574489D19BBC85300BBCC3B /* Frameworks */ = {
			isa = PBXFrameworksBuildPhase;
			buildActionMask = 2147483647;
			files = (
				C57448A219BBC85300BBCC3B /* XCTest.framework in Frameworks */,
				C57448A419BBC85300BBCC3B /* UIKit.framework in Frameworks */,
				C57448A319BBC85300BBCC3B /* Foundation.framework in Frameworks */,
			);
			runOnlyForDeploymentPostprocessing = 0;
		};
/* End PBXFrameworksBuildPhase section */

/* Begin PBXGroup section */
		C574487619BBC85300BBCC3B = {
			isa = PBXGroup;
			children = (
				C574488819BBC85300BBCC3B /* snapfashion */,
				C57448A719BBC85300BBCC3B /* snapfashionTests */,
				C574488119BBC85300BBCC3B /* Frameworks */,
				C574488019BBC85300BBCC3B /* Products */,
			);
			sourceTree = "<group>";
		};
		C574488019BBC85300BBCC3B /* Products */ = {
			isa = PBXGroup;
			children = (
				C574487F19BBC85300BBCC3B /* snapfashion.app */,
				C57448A019BBC85300BBCC3B /* snapfashionTests.xctest */,
			);
			name = Products;
			sourceTree = "<group>";
		};
		C574488119BBC85300BBCC3B /* Frameworks */ = {
			isa = PBXGroup;
			children = (
				C58B5A5719BBE664008999AC /* MobileCoreServices.framework */,
				C574488219BBC85300BBCC3B /* Foundation.framework */,
				C574488419BBC85300BBCC3B /* CoreGraphics.framework */,
				C574488619BBC85300BBCC3B /* UIKit.framework */,
				C57448A119BBC85300BBCC3B /* XCTest.framework */,
			);
			name = Frameworks;
			sourceTree = "<group>";
		};
		C574488819BBC85300BBCC3B /* snapfashion */ = {
			isa = PBXGroup;
			children = (
				C574489119BBC85300BBCC3B /* AppDelegate.h */,
				C574489219BBC85300BBCC3B /* AppDelegate.m */,
				C574489419BBC85300BBCC3B /* Main.storyboard */,
				C58B5A5C19BC0E46008999AC /* InstagramHandler.h */,
				C58B5A5D19BC0E46008999AC /* InstagramHandler.m */,
				C574489A19BBC85300BBCC3B /* Images.xcassets */,
				C574488919BBC85300BBCC3B /* Supporting Files */,
				C58B5A6519BC5458008999AC /* StyleTableController.h */,
				C58B5A6619BC5458008999AC /* StyleTableController.m */,
				C58B5A6819BD1490008999AC /* ImagePickerController.h */,
				C58B5A6919BD1490008999AC /* ImagePickerController.m */,
			);
			path = snapfashion;
			sourceTree = "<group>";
		};
		C574488919BBC85300BBCC3B /* Supporting Files */ = {
			isa = PBXGroup;
			children = (
				C574488A19BBC85300BBCC3B /* snapfashion-Info.plist */,
				C574488B19BBC85300BBCC3B /* InfoPlist.strings */,
				C574488E19BBC85300BBCC3B /* main.m */,
				C574489019BBC85300BBCC3B /* snapfashion-Prefix.pch */,
			);
			name = "Supporting Files";
			sourceTree = "<group>";
		};
		C57448A719BBC85300BBCC3B /* snapfashionTests */ = {
			isa = PBXGroup;
			children = (
				C57448AD19BBC85300BBCC3B /* snapfashionTests.m */,
				C57448A819BBC85300BBCC3B /* Supporting Files */,
			);
			path = snapfashionTests;
			sourceTree = "<group>";
		};
		C57448A819BBC85300BBCC3B /* Supporting Files */ = {
			isa = PBXGroup;
			children = (
				C57448A919BBC85300BBCC3B /* snapfashionTests-Info.plist */,
				C57448AA19BBC85300BBCC3B /* InfoPlist.strings */,
			);
			name = "Supporting Files";
			sourceTree = "<group>";
		};
/* End PBXGroup section */

/* Begin PBXNativeTarget section */
		C574487E19BBC85300BBCC3B /* snapfashion */ = {
			isa = PBXNativeTarget;
			buildConfigurationList = C57448B119BBC85300BBCC3B /* Build configuration list for PBXNativeTarget "snapfashion" */;
			buildPhases = (
				C574487B19BBC85300BBCC3B /* Sources */,
				C574487C19BBC85300BBCC3B /* Frameworks */,
				C574487D19BBC85300BBCC3B /* Resources */,
			);
			buildRules = (
			);
			dependencies = (
			);
			name = snapfashion;
			productName = snapfashion;
			productReference = C574487F19BBC85300BBCC3B /* snapfashion.app */;
			productType = "com.apple.product-type.application";
		};
		C574489F19BBC85300BBCC3B /* snapfashionTests */ = {
			isa = PBXNativeTarget;
			buildConfigurationList = C57448B419BBC85300BBCC3B /* Build configuration list for PBXNativeTarget "snapfashionTests" */;
			buildPhases = (
				C574489C19BBC85300BBCC3B /* Sources */,
				C574489D19BBC85300BBCC3B /* Frameworks */,
				C574489E19BBC85300BBCC3B /* Resources */,
			);
			buildRules = (
			);
			dependencies = (
				C57448A619BBC85300BBCC3B /* PBXTargetDependency */,
			);
			name = snapfashionTests;
			productName = snapfashionTests;
			productReference = C57448A019BBC85300BBCC3B /* snapfashionTests.xctest */;
			productType = "com.apple.product-type.bundle.unit-test";
		};
/* End PBXNativeTarget section */

/* Begin PBXProject section */
		C574487719BBC85300BBCC3B /* Project object */ = {
			isa = PBXProject;
			attributes = {
				LastUpgradeCheck = 0510;
				ORGANIZATIONNAME = "fluid-dynamics";
				TargetAttributes = {
					C574489F19BBC85300BBCC3B = {
						TestTargetID = C574487E19BBC85300BBCC3B;
					};
				};
			};
			buildConfigurationList = C574487A19BBC85300BBCC3B /* Build configuration list for PBXProject "snapfashion" */;
			compatibilityVersion = "Xcode 3.2";
			developmentRegion = English;
			hasScannedForEncodings = 0;
			knownRegions = (
				en,
				Base,
			);
			mainGroup = C574487619BBC85300BBCC3B;
			productRefGroup = C574488019BBC85300BBCC3B /* Products */;
			projectDirPath = "";
			projectRoot = "";
			targets = (
				C574487E19BBC85300BBCC3B /* snapfashion */,
				C574489F19BBC85300BBCC3B /* snapfashionTests */,
			);
		};
/* End PBXProject section */

/* Begin PBXResourcesBuildPhase section */
		C574487D19BBC85300BBCC3B /* Resources */ = {
			isa = PBXResourcesBuildPhase;
			buildActionMask = 2147483647;
			files = (
				C574489B19BBC85300BBCC3B /* Images.xcassets in Resources */,
				C574488D19BBC85300BBCC3B /* InfoPlist.strings in Resources */,
				C574489619BBC85300BBCC3B /* Main.storyboard in Resources */,
			);
			runOnlyForDeploymentPostprocessing = 0;
		};
		C574489E19BBC85300BBCC3B /* Resources */ = {
			isa = PBXResourcesBuildPhase;
			buildActionMask = 2147483647;
			files = (
				C57448AC19BBC85300BBCC3B /* InfoPlist.strings in Resources */,
			);
			runOnlyForDeploymentPostprocessing = 0;
		};
/* End PBXResourcesBuildPhase section */

/* Begin PBXSourcesBuildPhase section */
		C574487B19BBC85300BBCC3B /* Sources */ = {
			isa = PBXSourcesBuildPhase;
			buildActionMask = 2147483647;
			files = (
				C58B5A6719BC5458008999AC /* StyleTableController.m in Sources */,
				C58B5A5E19BC0E46008999AC /* InstagramHandler.m in Sources */,
				C58B5A6A19BD1490008999AC /* ImagePickerController.m in Sources */,
				C574489319BBC85300BBCC3B /* AppDelegate.m in Sources */,
				C574488F19BBC85300BBCC3B /* main.m in Sources */,
			);
			runOnlyForDeploymentPostprocessing = 0;
		};
		C574489C19BBC85300BBCC3B /* Sources */ = {
			isa = PBXSourcesBuildPhase;
			buildActionMask = 2147483647;
			files = (
				C57448AE19BBC85300BBCC3B /* snapfashionTests.m in Sources */,
			);
			runOnlyForDeploymentPostprocessing = 0;
		};
/* End PBXSourcesBuildPhase section */

/* Begin PBXTargetDependency section */
		C57448A619BBC85300BBCC3B /* PBXTargetDependency */ = {
			isa = PBXTargetDependency;
			target = C574487E19BBC85300BBCC3B /* snapfashion */;
			targetProxy = C57448A519BBC85300BBCC3B /* PBXContainerItemProxy */;
		};
/* End PBXTargetDependency section */

/* Begin PBXVariantGroup section */
		C574488B19BBC85300BBCC3B /* InfoPlist.strings */ = {
			isa = PBXVariantGroup;
			children = (
				C574488C19BBC85300BBCC3B /* en */,
			);
			name = InfoPlist.strings;
			sourceTree = "<group>";
		};
		C574489419BBC85300BBCC3B /* Main.storyboard */ = {
			isa = PBXVariantGroup;
			children = (
				C574489519BBC85300BBCC3B /* Base */,
			);
			name = Main.storyboard;
			sourceTree = "<group>";
		};
		C57448AA19BBC85300BBCC3B /* InfoPlist.strings */ = {
			isa = PBXVariantGroup;
			children = (
				C57448AB19BBC85300BBCC3B /* en */,
			);
			name = InfoPlist.strings;
			sourceTree = "<group>";
		};
/* End PBXVariantGroup section */

/* Begin XCBuildConfiguration section */
		C57448AF19BBC85300BBCC3B /* Debug */ = {
			isa = XCBuildConfiguration;
			buildSettings = {
				ALWAYS_SEARCH_USER_PATHS = NO;
				CLANG_CXX_LANGUAGE_STANDARD = "gnu++0x";
				CLANG_CXX_LIBRARY = "libc++";
				CLANG_ENABLE_MODULES = YES;
				CLANG_ENABLE_OBJC_ARC = YES;
				CLANG_WARN_BOOL_CONVERSION = YES;
				CLANG_WARN_CONSTANT_CONVERSION = YES;
				CLANG_WARN_DIRECT_OBJC_ISA_USAGE = YES_ERROR;
				CLANG_WARN_EMPTY_BODY = YES;
				CLANG_WARN_ENUM_CONVERSION = YES;
				CLANG_WARN_INT_CONVERSION = YES;
				CLANG_WARN_OBJC_ROOT_CLASS = YES_ERROR;
				CLANG_WARN__DUPLICATE_METHOD_MATCH = YES;
				"CODE_SIGN_IDENTITY[sdk=iphoneos*]" = "iPhone Developer";
				COPY_PHASE_STRIP = NO;
				GCC_C_LANGUAGE_STANDARD = gnu99;
				GCC_DYNAMIC_NO_PIC = NO;
				GCC_OPTIMIZATION_LEVEL = 0;
				GCC_PREPROCESSOR_DEFINITIONS = (
					"DEBUG=1",
					"$(inherited)",
				);
				GCC_SYMBOLS_PRIVATE_EXTERN = NO;
				GCC_WARN_64_TO_32_BIT_CONVERSION = YES;
				GCC_WARN_ABOUT_RETURN_TYPE = YES_ERROR;
				GCC_WARN_UNDECLARED_SELECTOR = YES;
				GCC_WARN_UNINITIALIZED_AUTOS = YES_AGGRESSIVE;
				GCC_WARN_UNUSED_FUNCTION = YES;
				GCC_WARN_UNUSED_VARIABLE = YES;
				IPHONEOS_DEPLOYMENT_TARGET = 7.1;
				ONLY_ACTIVE_ARCH = YES;
				SDKROOT = iphoneos;
			};
			name = Debug;
		};
		C57448B019BBC85300BBCC3B /* Release */ = {
			isa = XCBuildConfiguration;
			buildSettings = {
				ALWAYS_SEARCH_USER_PATHS = NO;
				CLANG_CXX_LANGUAGE_STANDARD = "gnu++0x";
				CLANG_CXX_LIBRARY = "libc++";
				CLANG_ENABLE_MODULES = YES;
				CLANG_ENABLE_OBJC_ARC = YES;
				CLANG_WARN_BOOL_CONVERSION = YES;
				CLANG_WARN_CONSTANT_CONVERSION = YES;
				CLANG_WARN_DIRECT_OBJC_ISA_USAGE = YES_ERROR;
				CLANG_WARN_EMPTY_BODY = YES;
				CLANG_WARN_ENUM_CONVERSION = YES;
				CLANG_WARN_INT_CONVERSION = YES;
				CLANG_WARN_OBJC_ROOT_CLASS = YES_ERROR;
				CLANG_WARN__DUPLICATE_METHOD_MATCH = YES;
				"CODE_SIGN_IDENTITY[sdk=iphoneos*]" = "iPhone Developer";
				COPY_PHASE_STRIP = YES;
				ENABLE_NS_ASSERTIONS = NO;
				GCC_C_LANGUAGE_STANDARD = gnu99;
				GCC_WARN_64_TO_32_BIT_CONVERSION = YES;
				GCC_WARN_ABOUT_RETURN_TYPE = YES_ERROR;
				GCC_WARN_UNDECLARED_SELECTOR = YES;
				GCC_WARN_UNINITIALIZED_AUTOS = YES_AGGRESSIVE;
				GCC_WARN_UNUSED_FUNCTION = YES;
				GCC_WARN_UNUSED_VARIABLE = YES;
				IPHONEOS_DEPLOYMENT_TARGET = 7.1;
				SDKROOT = iphoneos;
				VALIDATE_PRODUCT = YES;
			};
			name = Release;
		};
		C57448B219BBC85300BBCC3B /* Debug */ = {
			isa = XCBuildConfiguration;
			buildSettings = {
				ASSETCATALOG_COMPILER_APPICON_NAME = AppIcon;
				ASSETCATALOG_COMPILER_LAUNCHIMAGE_NAME = LaunchImage;
				GCC_PRECOMPILE_PREFIX_HEADER = YES;
				GCC_PREFIX_HEADER = "snapfashion/snapfashion-Prefix.pch";
				INFOPLIST_FILE = "snapfashion/snapfashion-Info.plist";
				PRODUCT_NAME = "$(TARGET_NAME)";
				WRAPPER_EXTENSION = app;
			};
			name = Debug;
		};
		C57448B319BBC85300BBCC3B /* Release */ = {
			isa = XCBuildConfiguration;
			buildSettings = {
				ASSETCATALOG_COMPILER_APPICON_NAME = AppIcon;
				ASSETCATALOG_COMPILER_LAUNCHIMAGE_NAME = LaunchImage;
				GCC_PRECOMPILE_PREFIX_HEADER = YES;
				GCC_PREFIX_HEADER = "snapfashion/snapfashion-Prefix.pch";
				INFOPLIST_FILE = "snapfashion/snapfashion-Info.plist";
				PRODUCT_NAME = "$(TARGET_NAME)";
				WRAPPER_EXTENSION = app;
			};
			name = Release;
		};
		C57448B519BBC85300BBCC3B /* Debug */ = {
			isa = XCBuildConfiguration;
			buildSettings = {
				BUNDLE_LOADER = "$(BUILT_PRODUCTS_DIR)/snapfashion.app/snapfashion";
				FRAMEWORK_SEARCH_PATHS = (
					"$(SDKROOT)/Developer/Library/Frameworks",
					"$(inherited)",
					"$(DEVELOPER_FRAMEWORKS_DIR)",
				);
				GCC_PRECOMPILE_PREFIX_HEADER = YES;
				GCC_PREFIX_HEADER = "snapfashion/snapfashion-Prefix.pch";
				GCC_PREPROCESSOR_DEFINITIONS = (
					"DEBUG=1",
					"$(inherited)",
				);
				INFOPLIST_FILE = "snapfashionTests/snapfashionTests-Info.plist";
				PRODUCT_NAME = "$(TARGET_NAME)";
				TEST_HOST = "$(BUNDLE_LOADER)";
				WRAPPER_EXTENSION = xctest;
			};
			name = Debug;
		};
		C57448B619BBC85300BBCC3B /* Release */ = {
			isa = XCBuildConfiguration;
			buildSettings = {
				BUNDLE_LOADER = "$(BUILT_PRODUCTS_DIR)/snapfashion.app/snapfashion";
				FRAMEWORK_SEARCH_PATHS = (
					"$(SDKROOT)/Developer/Library/Frameworks",
					"$(inherited)",
					"$(DEVELOPER_FRAMEWORKS_DIR)",
				);
				GCC_PRECOMPILE_PREFIX_HEADER = YES;
				GCC_PREFIX_HEADER = "snapfashion/snapfashion-Prefix.pch";
				INFOPLIST_FILE = "snapfashionTests/snapfashionTests-Info.plist";
				PRODUCT_NAME = "$(TARGET_NAME)";
				TEST_HOST = "$(BUNDLE_LOADER)";
				WRAPPER_EXTENSION = xctest;
			};
			name = Release;
		};
/* End XCBuildConfiguration section */

/* Begin XCConfigurationList section */
		C574487A19BBC85300BBCC3B /* Build configuration list for PBXProject "snapfashion" */ = {
			isa = XCConfigurationList;
			buildConfigurations = (
				C57448AF19BBC85300BBCC3B /* Debug */,
				C57448B019BBC85300BBCC3B /* Release */,
			);
			defaultConfigurationIsVisible = 0;
			defaultConfigurationName = Release;
		};
		C57448B119BBC85300BBCC3B /* Build configuration list for PBXNativeTarget "snapfashion" */ = {
			isa = XCConfigurationList;
			buildConfigurations = (
				C57448B219BBC85300BBCC3B /* Debug */,
				C57448B319BBC85300BBCC3B /* Release */,
			);
			defaultConfigurationIsVisible = 0;
			defaultConfigurationName = Release;
		};
		C57448B419BBC85300BBCC3B /* Build configuration list for PBXNativeTarget "snapfashionTests" */ = {
			isa = XCConfigurationList;
			buildConfigurations = (
				C57448B519BBC85300BBCC3B /* Debug */,
				C57448B619BBC85300BBCC3B /* Release */,
			);
			defaultConfigurationIsVisible = 0;
			defaultConfigurationName = Release;
		};
/* End XCConfigurationList section */
	};
	rootObject = C574487719BBC85300BBCC3B /* Project object */;
}
